{
  "name": "js-connection-oracle",
  "lockfileVersion": 3,
  "requires": true,
  "packages": {
    "": {
      "dependencies": {
        "@faker-js/faker": "^8.3.1",
        "dotenv": "^16.3.1",
        "oracledb": "^6.2.0"
      }
    },
    "node_modules/@faker-js/faker": {
      "version": "8.3.1",
      "resolved": "https://registry.npmjs.org/@faker-js/faker/-/faker-8.3.1.tgz",
      "integrity": "sha512-FdgpFxY6V6rLZE9mmIBb9hM0xpfvQOSNOLnzolzKwsE1DH+gC7lEKV1p1IbR0lAYyvYd5a4u3qWJzowUkw1bIw==",
      "funding": [
        {
          "type": "opencollective",
          "url": "https://opencollective.com/fakerjs"
        }
      ],
      "engines": {
        "node": "^14.17.0 || ^16.13.0 || >=18.0.0",
        "npm": ">=6.14.13"
      }
    },
    "node_modules/dotenv": {
      "version": "16.3.1",
      "resolved": "https://registry.npmjs.org/dotenv/-/dotenv-16.3.1.tgz",
      "integrity": "sha512-IPzF4w4/Rd94bA9imS68tZBaYyBWSCE47V1RGuMrB94iyTOIEwRmVL2x/4An+6mETpLrKJ5hQkB8W4kFAadeIQ==",
      "engines": {
        "node": ">=12"
      },
      "funding": {
        "url": "https://github.com/motdotla/dotenv?sponsor=1"
      }
    },
    "node_modules/oracledb": {
      "version": "6.2.0",
      "resolved": "https://registry.npmjs.org/oracledb/-/oracledb-6.2.0.tgz",
      "integrity": "sha512-NP6Q3pukVhmowFszQhDfqaiC4RngcuSQ9Vj79quRw9f9s+R1Awo+I1Oexj+qYGFONRJz+Nl7TpkTUiXICbblGg==",
      "hasInstallScript": true,
      "engines": {
        "node": ">=14.6"
      }
    }
  }
}
